
Microsoft Visual Studio Solution File, Format Version 12.00
# Visual Studio 2012
Project("{D954291E-2A0B-460D-934E-DC6B0785DB48}") = "ios-xamarin-application", "ios-xamarin-application\ios-xamarin-application.shproj", "{831BE6F0-5FCC-47B4-BA90-A3C1C037C611}"
EndProject
Project("{FAE04EC0-301F-11D3-BF4B-00C04F79EFBC}") = "ios-xamarin-application.iOS", "iOS\ios-xamarin-application.iOS.csproj", "{E82D4468-4B89-42A0-817B-53E6046AA19B}"
EndProject
Project("{FAE04EC0-301F-11D3-BF4B-00C04F79EFBC}") = "ios-xamarin-application.Droid", "Droid\ios-xamarin-application.Droid.csproj", "{04D5B91D-B482-4A06-8BAF-7FBE2484A46C}"
EndProject
Global
	GlobalSection(SolutionConfigurationPlatforms) = preSolution
		Debug|iPhoneSimulator = Debug|iPhoneSimulator
		Release|iPhone = Release|iPhone
		Release|iPhoneSimulator = Release|iPhoneSimulator
		Debug|iPhone = Debug|iPhone
		Debug|Any CPU = Debug|Any CPU
		Release|Any CPU = Release|Any CPU
	EndGlobalSection
	GlobalSection(ProjectConfigurationPlatforms) = postSolution
		{E82D4468-4B89-42A0-817B-53E6046AA19B}.Debug|Any CPU.ActiveCfg = Debug|iPhoneSimulator
		{E82D4468-4B89-42A0-817B-53E6046AA19B}.Debug|Any CPU.Build.0 = Debug|iPhoneSimulator
		{E82D4468-4B89-42A0-817B-53E6046AA19B}.Release|Any CPU.ActiveCfg = Release|iPhone
		{E82D4468-4B89-42A0-817B-53E6046AA19B}.Release|Any CPU.Build.0 = Release|iPhone
		{04D5B91D-B482-4A06-8BAF-7FBE2484A46C}.Debug|Any CPU.ActiveCfg = Debug|Any CPU
		{04D5B91D-B482-4A06-8BAF-7FBE2484A46C}.Debug|Any CPU.Build.0 = Debug|Any CPU
		{04D5B91D-B482-4A06-8BAF-7FBE2484A46C}.Release|Any CPU.ActiveCfg = Release|Any CPU
		{04D5B91D-B482-4A06-8BAF-7FBE2484A46C}.Release|Any CPU.Build.0 = Release|Any CPU
	EndGlobalSection
EndGlobal
